
Microsoft Visual Studio Solution File, Format Version 12.00
# Visual Studio 14
VisualStudioVersion = 14.0.25123.0
MinimumVisualStudioVersion = 10.0.40219.1
Project("{FAE04EC0-301F-11D3-BF4B-00C04F79EFBC}") = "WebMO1", "WebMO1\WebMO1.csproj", "{5B83A84F-FCDA-4F88-87C5-2B5FE560FA66}"
EndProject
Project("{FAE04EC0-301F-11D3-BF4B-00C04F79EFBC}") = "WebMO1.Tests", "WebMO1.Tests\WebMO1.Tests.csproj", "{65ACBC19-1A9F-48D9-9076-B947BD582810}"
EndProject
Global
	GlobalSection(SolutionConfigurationPlatforms) = preSolution
		Debug|Any CPU = Debug|Any CPU
		Release|Any CPU = Release|Any CPU
	EndGlobalSection
	GlobalSection(ProjectConfigurationPlatforms) = postSolution
		{5B83A84F-FCDA-4F88-87C5-2B5FE560FA66}.Debug|Any CPU.ActiveCfg = Debug|Any CPU
		{5B83A84F-FCDA-4F88-87C5-2B5FE560FA66}.Debug|Any CPU.Build.0 = Debug|Any CPU
		{5B83A84F-FCDA-4F88-87C5-2B5FE560FA66}.Release|Any CPU.ActiveCfg = Release|Any CPU
		{5B83A84F-FCDA-4F88-87C5-2B5FE560FA66}.Release|Any CPU.Build.0 = Release|Any CPU
		{65ACBC19-1A9F-48D9-9076-B947BD582810}.Debug|Any CPU.ActiveCfg = Debug|Any CPU
		{65ACBC19-1A9F-48D9-9076-B947BD582810}.Debug|Any CPU.Build.0 = Debug|Any CPU
		{65ACBC19-1A9F-48D9-9076-B947BD582810}.Release|Any CPU.ActiveCfg = Release|Any CPU
		{65ACBC19-1A9F-48D9-9076-B947BD582810}.Release|Any CPU.Build.0 = Release|Any CPU
	EndGlobalSection
	GlobalSection(SolutionProperties) = preSolution
		HideSolutionNode = FALSE
	EndGlobalSection
EndGlobal
